
Microsoft Visual Studio Solution File, Format Version 12.00
# Visual Studio Version 16
VisualStudioVersion = 16.0.30413.136
MinimumVisualStudioVersion = 10.0.40219.1
Project("{9A19103F-16F7-4668-BE54-9A1E7A4F7556}") = "Week2IfStatements", "Week2IfStatements\Week2IfStatements.csproj", "{63F579EE-F85B-4AD5-8B92-3201A99805AF}"
EndProject
Project("{9A19103F-16F7-4668-BE54-9A1E7A4F7556}") = "task2", "task2\task2.csproj", "{C6FE6A10-6524-4DCA-A89B-618F9A30F8AA}"
EndProject
Project("{FAE04EC0-301F-11D3-BF4B-00C04F79EFBC}") = "task3", "task3\task3.csproj", "{4B3EB824-C6AD-4D59-9BDA-1B984472DC24}"
EndProject
Project("{FAE04EC0-301F-11D3-BF4B-00C04F79EFBC}") = "task4", "task4\task4.csproj", "{44662E32-2DE9-4E76-AC49-12E25CB4629E}"
EndProject
Project("{FAE04EC0-301F-11D3-BF4B-00C04F79EFBC}") = "task5", "task5\task5.csproj", "{9578D1D4-8EB1-412F-8764-0D05BDEE2C53}"
EndProject
Global
	GlobalSection(SolutionConfigurationPlatforms) = preSolution
		Debug|Any CPU = Debug|Any CPU
		Release|Any CPU = Release|Any CPU
	EndGlobalSection
	GlobalSection(ProjectConfigurationPlatforms) = postSolution
		{63F579EE-F85B-4AD5-8B92-3201A99805AF}.Debug|Any CPU.ActiveCfg = Debug|Any CPU
		{63F579EE-F85B-4AD5-8B92-3201A99805AF}.Debug|Any CPU.Build.0 = Debug|Any CPU
		{63F579EE-F85B-4AD5-8B92-3201A99805AF}.Release|Any CPU.ActiveCfg = Release|Any CPU
		{63F579EE-F85B-4AD5-8B92-3201A99805AF}.Release|Any CPU.Build.0 = Release|Any CPU
		{C6FE6A10-6524-4DCA-A89B-618F9A30F8AA}.Debug|Any CPU.ActiveCfg = Debug|Any CPU
		{C6FE6A10-6524-4DCA-A89B-618F9A30F8AA}.Debug|Any CPU.Build.0 = Debug|Any CPU
		{C6FE6A10-6524-4DCA-A89B-618F9A30F8AA}.Release|Any CPU.ActiveCfg = Release|Any CPU
		{C6FE6A10-6524-4DCA-A89B-618F9A30F8AA}.Release|Any CPU.Build.0 = Release|Any CPU
		{4B3EB824-C6AD-4D59-9BDA-1B984472DC24}.Debug|Any CPU.ActiveCfg = Debug|Any CPU
		{4B3EB824-C6AD-4D59-9BDA-1B984472DC24}.Debug|Any CPU.Build.0 = Debug|Any CPU
		{4B3EB824-C6AD-4D59-9BDA-1B984472DC24}.Release|Any CPU.ActiveCfg = Release|Any CPU
		{4B3EB824-C6AD-4D59-9BDA-1B984472DC24}.Release|Any CPU.Build.0 = Release|Any CPU
		{44662E32-2DE9-4E76-AC49-12E25CB4629E}.Debug|Any CPU.ActiveCfg = Debug|Any CPU
		{44662E32-2DE9-4E76-AC49-12E25CB4629E}.Debug|Any CPU.Build.0 = Debug|Any CPU
		{44662E32-2DE9-4E76-AC49-12E25CB4629E}.Release|Any CPU.ActiveCfg = Release|Any CPU
		{44662E32-2DE9-4E76-AC49-12E25CB4629E}.Release|Any CPU.Build.0 = Release|Any CPU
		{9578D1D4-8EB1-412F-8764-0D05BDEE2C53}.Debug|Any CPU.ActiveCfg = Debug|Any CPU
		{9578D1D4-8EB1-412F-8764-0D05BDEE2C53}.Debug|Any CPU.Build.0 = Debug|Any CPU
		{9578D1D4-8EB1-412F-8764-0D05BDEE2C53}.Release|Any CPU.ActiveCfg = Release|Any CPU
		{9578D1D4-8EB1-412F-8764-0D05BDEE2C53}.Release|Any CPU.Build.0 = Release|Any CPU
	EndGlobalSection
	GlobalSection(SolutionProperties) = preSolution
		HideSolutionNode = FALSE
	EndGlobalSection
	GlobalSection(ExtensibilityGlobals) = postSolution
		SolutionGuid = {9C9D4730-4136-4EBF-BDAD-0E040474FD64}
	EndGlobalSection
EndGlobal
